
Microsoft Visual Studio Solution File, Format Version 12.00
# Visual Studio Version 17
VisualStudioVersion = 17.14.36603.0 d17.14
MinimumVisualStudioVersion = 10.0.40219.1
Project("{FAE04EC0-301F-11D3-BF4B-00C04F79EFBC}") = "Game", "Game.csproj", "{9A71CA90-5457-44CC-869C-5C50A6B20433}"
EndProject
Global
	GlobalSection(SolutionConfigurationPlatforms) = preSolution
		Debug|Any CPU = Debug|Any CPU
		Release|Any CPU = Release|Any CPU
	EndGlobalSection
	GlobalSection(ProjectConfigurationPlatforms) = postSolution
		{9A71CA90-5457-44CC-869C-5C50A6B20433}.Debug|Any CPU.ActiveCfg = Debug|Any CPU
		{9A71CA90-5457-44CC-869C-5C50A6B20433}.Debug|Any CPU.Build.0 = Debug|Any CPU
		{9A71CA90-5457-44CC-869C-5C50A6B20433}.Release|Any CPU.ActiveCfg = Release|Any CPU
		{9A71CA90-5457-44CC-869C-5C50A6B20433}.Release|Any CPU.Build.0 = Release|Any CPU
	EndGlobalSection
	GlobalSection(SolutionProperties) = preSolution
		HideSolutionNode = FALSE
	EndGlobalSection
	GlobalSection(ExtensibilityGlobals) = postSolution
		SolutionGuid = {89A1F389-C2B5-46BD-A100-B060CD4CB554}
	EndGlobalSection
EndGlobal
